
Microsoft Visual Studio Solution File, Format Version 12.00
# Visual Studio Version 18
VisualStudioVersion = 18.9.12112.369
MinimumVisualStudioVersion = 10.0.40219.1
Project("{2150E333-8FDC-42A3-9474-1A3956D46DE8}") = "Solution Items", "Solution Items", "{61057E05-7E45-482E-95D1-7D1CA2726304}"
	ProjectSection(SolutionItems) = preProject
		.editorconfig = .editorconfig
		azure-pipelines.yml = azure-pipelines.yml
		License.md = License.md
		ReadMe.md = ReadMe.md
	EndProjectSection
EndProject
Project("{2150E333-8FDC-42A3-9474-1A3956D46DE8}") = "RingApi", "RingApi", "{F7C15D84-8670-46EC-B665-EE76771FBB7C}"
EndProject
Project("{FAE04EC0-301F-11D3-BF4B-00C04F79EFBC}") = "Ring.Api", "external\RingApi\src\api\Ring.Api.csproj", "{DBB881B5-F513-F4FC-4847-BDD0656EA936}"
EndProject
Project("{FAE04EC0-301F-11D3-BF4B-00C04F79EFBC}") = "Ring.Api.SelfTester", "external\RingApi\src\selftest\Ring.Api.SelfTester.csproj", "{755D0D9A-1244-AE52-709B-907C71699952}"
EndProject
Project("{FAE04EC0-301F-11D3-BF4B-00C04F79EFBC}") = "Ring.Videos", "Ring.Videos\Ring.Videos.csproj", "{FDBBDEC0-9CBD-C7B1-195D-9A479FFB99A4}"
EndProject
Project("{FAE04EC0-301F-11D3-BF4B-00C04F79EFBC}") = "Ring.Videos.Tests", "Ring.Videos.Tests\Ring.Videos.Tests.csproj", "{5168AA26-DD7D-7CBC-1461-0E9D3C834744}"
EndProject
Project("{2150E333-8FDC-42A3-9474-1A3956D46DE8}") = "external", "external", "{A288BEE0-695A-BEEA-455C-649571D89326}"
EndProject
Project("{FAE04EC0-301F-11D3-BF4B-00C04F79EFBC}") = "Ring.Api.Auth", "external\RingApi\src\auth\Ring.Api.Auth.csproj", "{8B94646C-CE19-41E7-8B55-8DCFC42C73AC}"
EndProject
Project("{FAE04EC0-301F-11D3-BF4B-00C04F79EFBC}") = "Ring.Api.Auth.Tests", "external\RingApi\src\auth\tests\Ring.Api.Auth.Tests.csproj", "{11CAC024-C369-4990-BBF3-35C84A069B56}"
EndProject
Project("{FAE04EC0-301F-11D3-BF4B-00C04F79EFBC}") = "Ring.Api.Video", "external\RingApi\src\video\Ring.Api.Video.csproj", "{B6F610B7-64C8-4F01-BBB7-63A109198AB5}"
EndProject
Project("{FAE04EC0-301F-11D3-BF4B-00C04F79EFBC}") = "Ring.Api.Video.Tests", "external\RingApi\src\video\tests\Ring.Api.Video.Tests.csproj", "{D0D20BE4-3071-4B0F-B26E-8659D2CED951}"
EndProject
Project("{FAE04EC0-301F-11D3-BF4B-00C04F79EFBC}") = "Ring.Api.Common", "external\RingApi\src\common\Ring.Api.Common.csproj", "{A1B2C3D4-E5F6-47G8-H9I0-J1K2L3M4N5O6}"
EndProject
Project("{FAE04EC0-301F-11D3-BF4B-00C04F79EFBC}") = "Ring.Api.Common.Tests", "external\RingApi\src\common\tests\Ring.Api.Common.Tests.csproj", "{B2C3D4E5-F6G7-48H9-I0J1-K2L3M4N5O6P7}"
EndProject
Project("{FAE04EC0-301F-11D3-BF4B-00C04F79EFBC}") = "Ring.Api.Core", "external\RingApi\src\core\Ring.Api.Core.csproj", "{C3D4E5F6-G7H8-49I0-J1K2-L3M4N5O6P7Q8}"
EndProject
Project("{FAE04EC0-301F-11D3-BF4B-00C04F79EFBC}") = "Ring.Api.Core.Tests", "external\RingApi\src\core\tests\Ring.Api.Core.Tests.csproj", "{D4E5F6G7-H8I9-40J0-K1L2-M3N4O5P6Q7R8}"
EndProject
Project("{FAE04EC0-301F-11D3-BF4B-00C04F79EFBC}") = "Ring.Api.Utils", "external\RingApi\src\utils\Ring.Api.Utils.csproj", "{E5F6G7H8-I9J0-41K0-L1M2-N3O4P5Q6R7S8}"
EndProject
Project("{FAE04EC0-301F-11D3-BF4B-00C04F79EFBC}") = "Ring.Api.Utils.Tests", "external\RingApi\src\utils\tests\Ring.Api.Utils.Tests.csproj", "{F6G7H8I9-J0K1-42L0-M1N2-O3P4Q5R6S7T8}"
EndProject
Project("{FAE04EC0-301F-11D3-BF4B-00C04F79EFBC}") = "Ring.Api.Snapshots", "external\RingApi\src\snapshots\Ring.Api.Snapshots.csproj", "{G7H8I9J0-K1L2-43M0-N1O2-P3Q4R5S6T7U8}"
EndProject
Project("{FAE04EC0-301F-11D3-BF4B-00C04F79EFBC}") = "Ring.Api.Snapshots.Tests", "external\RingApi\src\snapshots\tests\Ring.Api.Snapshots.Tests.csproj", "{H8I9J0K1-L2M3-44N0-O1P2-Q3R4S5T6U7V8}"
EndProject
Project("{2150E333-8FDC-42A3-9474-1A3956D46DE8}") = "Api", "Api", "{C7D065B3-56B5-4C14-AEBD-DEC07DD0BE23}"
EndProject
Project("{2150E333-8FDC-42A3-9474-1A3956D46DE8}") = "Auth", "Auth", "{C52961D5-025C-473D-A871-FDD4C027847E}"
EndProject
Project("{2150E333-8FDC-42A3-9474-1A3956D46DE8}") = "Video", "Video", "{972D98ED-6324-476F-8507-206F1B3DDAB8}"
EndProject
Project("{2150E333-8FDC-42A3-9474-1A3956D46DE8}") = "Utils", "Utils", "{C44CE6F8-DB5E-41B7-AE72-E36BF5D78FC1}"
EndProject
Project("{2150E333-8FDC-42A3-9474-1A3956D46DE8}") = "Common", "Common", "{C2D4E5F6-G7H8-49I0-J1K2-L3M4N5O6P7Q8}"
EndProject
Project("{2150E333-8FDC-42A3-9474-1A3956D46DE8}") = "Core", "Core", "{C3D4E5F6-G7H8-50I0-J1K2-L3M4N5O6P7Q8}"
EndProject
Project("{2150E333-8FDC-42A3-9474-1A3956D46DE8}") = "Snapshots", "Snapshots", "{C4D4E5F6-G7H8-51I0-J1K2-L3M4N5O6P7Q8}"
EndProject
Global
	GlobalSection(SolutionConfigurationPlatforms) = preSolution
		Debug|Any CPU = Debug|Any CPU
		Debug|x64 = Debug|x64
		Debug|x86 = Debug|x86
		Release|Any CPU = Release|Any CPU
		Release|x64 = Release|x64
		Release|x86 = Release|x86
	EndGlobalSection
	GlobalSection(ProjectConfigurationPlatforms) = postSolution
		{DBB881B5-F513-F4FC-4847-BDD0656EA936}.Debug|Any CPU.ActiveCfg = Debug|Any CPU
		{DBB881B5-F513-F4FC-4847-BDD0656EA936}.Debug|Any CPU.Build.0 = Debug|Any CPU
		{DBB881B5-F513-F4FC-4847-BDD0656EA936}.Debug|x64.ActiveCfg = Debug|Any CPU
		{DBB881B5-F513-F4FC-4847-BDD0656EA936}.Debug|x64.Build.0 = Debug|Any CPU
		{DBB881B5-F513-F4FC-4847-BDD0656EA936}.Debug|x86.ActiveCfg = Debug|Any CPU
		{DBB881B5-F513-F4FC-4847-BDD0656EA936}.Debug|x86.Build.0 = Debug|Any CPU
		{DBB881B5-F513-F4FC-4847-BDD0656EA936}.Release|Any CPU.ActiveCfg = Release|Any CPU
		{DBB881B5-F513-F4FC-4847-BDD0656EA936}.Release|Any CPU.Build.0 = Release|Any CPU
		{DBB881B5-F513-F4FC-4847-BDD0656EA936}.Release|x64.ActiveCfg = Release|Any CPU
		{DBB881B5-F513-F4FC-4847-BDD0656EA936}.Release|x64.Build.0 = Debug|Any CPU
		{DBB881B5-F513-F4FC-4847-BDD0656EA936}.Release|x86.ActiveCfg = Release|Any CPU
		{DBB881B5-F513-F4FC-4847-BDD0656EA936}.Release|x86.Build.0 = Release|Any CPU
		{755D0D9A-1244-AE52-709B-907C71699952}.Debug|Any CPU.ActiveCfg = Debug|Any CPU
		{755D0D9A-1244-AE52-709B-907C71699952}.Debug|Any CPU.Build.0 = Debug|Any CPU
		{755D0D9A-1244-AE52-709B-907C71699952}.Debug|x64.ActiveCfg = Debug|Any CPU
		{755D0D9A-1244-AE52-709B-907C71699952}.Debug|x64.Build.0 = Debug|Any CPU
		{755D0D9A-1244-AE52-709B-907C71699952}.Debug|x86.ActiveCfg = Debug|Any CPU
		{755D0D9A-1244-AE52-709B-907C71699952}.Debug|x86.Build.0 = Debug|Any CPU
		{755D0D9A-1244-AE52-709B-907C71699952}.Release|Any CPU.ActiveCfg = Release|Any CPU
		{755D0D9A-1244-AE52-709B-907C71699952}.Release|Any CPU.Build.0 = Release|Any CPU
		{755D0D9A-1244-AE52-709B-907C71699952}.Release|x64.ActiveCfg = Release|Any CPU
		{755D0D9A-1244-AE52-709B-907C71699952}.Release|x64.Build.0 = Release|Any CPU
		{755D0D9A-1244-AE52-709B-907C71699952}.Release|x86.ActiveCfg = Release|Any CPU
		{755D0D9A-1244-AE52-709B-907C71699952}.Release|x86.Build.0 = Release|Any CPU
		{FDBBDEC0-9CBD-C7B1-195D-9A479FFB99A4}.Debug|Any CPU.ActiveCfg = Debug|Any CPU
		{FDBBDEC0-9CBD-C7B1-195D-9A479FFB99A4}.Debug|Any CPU.Build.0 = Debug|Any CPU
		{FDBBDEC0-9CBD-C7B1-195D-9A479FFB99A4}.Debug|x64.ActiveCfg = Debug|Any CPU
		{FDBBDEC0-9CBD-C7B1-195D-9A479FFB99A4}.Debug|x64.Build.0 = Debug|Any CPU
		{FDBBDEC0-9CBD-C7B1-195D-9A479FFB99A4}.Debug|x86.ActiveCfg = Debug|Any CPU
		{FDBBDEC0-9CBD-C7B1-195D-9A479FFB99A4}.Debug|x86.Build.0 = Debug|Any CPU
		{FDBBDEC0-9CBD-C7B1-195D-9A479FFB99A4}.Release|Any CPU.ActiveCfg = Release|Any CPU
		{FDBBDEC0-9CBD-C7B1-195D-9A479FFB99A4}.Release|Any CPU.Build.0 = Release|Any CPU
		{FDBBDEC0-9CBD-C7B1-195D-9A479FFB99A4}.Release|x64.ActiveCfg = Release|Any CPU
		{FDBBDEC0-9CBD-C7B1-195D-9A479FFB99A4}.Release|x64.Build.0 = Release|Any CPU
		{FDBBDEC0-9CBD-C7B1-195D-9A479FFB99A4}.Release|x86.ActiveCfg = Release|Any CPU
		{FDBBDEC0-9CBD-C7B1-195D-9A479FFB99A4}.Release|x86.Build.0 = Release|Any CPU
		{5168AA26-DD7D-7CBC-1461-0E9D3C834744}.Debug|Any CPU.ActiveCfg = Debug|Any CPU
		{5168AA26-DD7D-7CBC-1461-0E9D3C834744}.Debug|Any CPU.Build.0 = Debug|Any CPU
		{5168AA26-DD7D-7CBC-1461-0E9D3C834744}.Debug|x64.ActiveCfg = Debug|Any CPU
		{5168AA26-DD7D-7CBC-1461-0E9D3C834744}.Debug|x64.Build.0 = Debug|Any CPU
		{5168AA26-DD7D-7CBC-1461-0E9D3C834744}.Debug|x86.ActiveCfg = Debug|Any CPU
		{5168AA26-DD7D-7CBC-1461-0E9D3C834744}.Debug|x86.Build.0 = Debug|Any CPU
		{5168AA26-DD7D-7CBC-1461-0E9D3C834744}.Release|Any CPU.ActiveCfg = Release|Any CPU
		{5168AA26-DD7D-7CBC-1461-0E9D3C834744}.Release|Any CPU.Build.0 = Release|Any CPU
		{5168AA26-DD7D-7CBC-1461-0E9D3C834744}.Release|x64.ActiveCfg = Release|Any CPU
		{5168AA26-DD7D-7CBC-1461-0E9D3C834744}.Release|x64.Build.0 = Release|Any CPU
		{5168AA26-DD7D-7CBC-1461-0E9D3C834744}.Release|x86.ActiveCfg = Release|Any CPU
		{5168AA26-DD7D-7CBC-1461-0E9D3C834744}.Release|x86.Build.0 = Release|Any CPU
		{8B94646C-CE19-41E7-8B55-8DCFC42C73AC}.Debug|Any CPU.ActiveCfg = Debug|Any CPU
		{8B94646C-CE19-41E7-8B55-8DCFC42C73AC}.Debug|Any CPU.Build.0 = Debug|Any CPU
		{8B94646C-CE19-41E7-8B55-8DCFC42C73AC}.Debug|x64.ActiveCfg = Debug|Any CPU
		{8B94646C-CE19-41E7-8B55-8DCFC42C73AC}.Debug|x64.Build.0 = Debug|Any CPU
		{8B94646C-CE19-41E7-8B55-8DCFC42C73AC}.Debug|x86.ActiveCfg = Debug|Any CPU
		{8B94646C-CE19-41E7-8B55-8DCFC42C73AC}.Debug|x86.Build.0 = Debug|Any CPU
		{8B94646C-CE19-41E7-8B55-8DCFC42C73AC}.Release|Any CPU.ActiveCfg = Release|Any CPU
		{8B94646C-CE19-41E7-8B55-8DCFC42C73AC}.Release|Any CPU.Build.0 = Release|Any CPU
		{8B94646C-CE19-41E7-8B55-8DCFC42C73AC}.Release|x64.ActiveCfg = Release|Any CPU
		{8B94646C-CE19-41E7-8B55-8DCFC42C73AC}.Release|x64.Build.0 = Release|Any CPU
		{8B94646C-CE19-41E7-8B55-8DCFC42C73AC}.Release|x86.ActiveCfg = Release|Any CPU
		{8B94646C-CE19-41E7-8B55-8DCFC42C73AC}.Release|x86.Build.0 = Release|Any CPU
		{11CAC024-C369-4990-BBF3-35C84A069B56}.Debug|Any CPU.ActiveCfg = Debug|Any CPU
		{11CAC024-C369-4990-BBF3-35C84A069B56}.Debug|Any CPU.Build.0 = Debug|Any CPU
		{11CAC024-C369-4990-BBF3-35C84A069B56}.Debug|x64.ActiveCfg = Debug|Any CPU
		{11CAC024-C369-4990-BBF3-35C84A069B56}.Debug|x64.Build.0 = Debug|Any CPU
		{11CAC024-C369-4990-BBF3-35C84A069B56}.Debug|x86.ActiveCfg = Debug|Any CPU
		{11CAC024-C369-4990-BBF3-35C84A069B56}.Debug|x86.Build.0 = Debug|Any CPU
		{11CAC024-C369-4990-BBF3-35C84A069B56}.Release|Any CPU.ActiveCfg = Release|Any CPU
		{11CAC024-C369-4990-BBF3-35C84A069B56}.Release|Any CPU.Build.0 = Release|Any CPU
		{11CAC024-C369-4990-BBF3-35C84A069B56}.Release|x64.ActiveCfg = Release|Any CPU
		{11CAC024-C369-4990-BBF3-35C84A069B56}.Release|x64.Build.0 = Release|Any CPU
		{11CAC024-C369-4990-BBF3-35C84A069B56}.Release|x86.ActiveCfg = Release|Any CPU
		{11CAC024-C369-4990-BBF3-35C84A069B56}.Release|x86.Build.0 = Release|Any CPU
		{B6F610B7-64C8-4F01-BBB7-63A109198AB5}.Debug|Any CPU.ActiveCfg = Debug|Any CPU
		{B6F610B7-64C8-4F01-BBB7-63A109198AB5}.Debug|Any CPU.Build.0 = Debug|Any CPU
		{B6F610B7-64C8-4F01-BBB7-63A109198AB5}.Debug|x64.ActiveCfg = Debug|Any CPU
		{B6F610B7-64C8-4F01-BBB7-63A109198AB5}.Debug|x64.Build.0 = Debug|Any CPU
		{B6F610B7-64C8-4F01-BBB7-63A109198AB5}.Debug|x86.ActiveCfg = Debug|Any CPU
		{B6F610B7-64C8-4F01-BBB7-63A109198AB5}.Debug|x86.Build.0 = Debug|Any CPU
		{B6F610B7-64C8-4F01-BBB7-63A109198AB5}.Release|Any CPU.ActiveCfg = Release|Any CPU
		{B6F610B7-64C8-4F01-BBB7-63A109198AB5}.Release|Any CPU.Build.0 = Release|Any CPU
		{B6F610B7-64C8-4F01-BBB7-63A109198AB5}.Release|x64.ActiveCfg = Release|Any CPU
		{B6F610B7-64C8-4F01-BBB7-63A109198AB5}.Release|x64.Build.0 = Release|Any CPU
		{B6F610B7-64C8-4F01-BBB7-63A109198AB5}.Release|x86.ActiveCfg = Release|Any CPU
		{B6F610B7-64C8-4F01-BBB7-63A109198AB5}.Release|x86.Build.0 = Release|Any CPU
		{D0D20BE4-3071-4B0F-B26E-8659D2CED951}.Debug|Any CPU.ActiveCfg = Debug|Any CPU
		{D0D20BE4-3071-4B0F-B26E-8659D2CED951}.Debug|Any CPU.Build.0 = Debug|Any CPU
		{D0D20BE4-3071-4B0F-B26E-8659D2CED951}.Debug|x64.ActiveCfg = Debug|Any CPU
		{D0D20BE4-3071-4B0F-B26E-8659D2CED951}.Debug|x64.Build.0 = Debug|Any CPU
		{D0D20BE4-3071-4B0F-B26E-8659D2CED951}.Debug|x86.ActiveCfg = Debug|Any CPU
		{D0D20BE4-3071-4B0F-B26E-8659D2CED951}.Debug|x86.Build.0 = Debug|Any CPU
		{D0D20BE4-3071-4B0F-B26E-8659D2CED951}.Release|Any CPU.ActiveCfg = Release|Any CPU
		{D0D20BE4-3071-4B0F-B26E-8659D2CED951}.Release|Any CPU.Build.0 = Release|Any CPU
		{D0D20BE4-3071-4B0F-B26E-8659D2CED951}.Release|x64.ActiveCfg = Release|Any CPU
		{D0D20BE4-3071-4B0F-B26E-8659D2CED951}.Release|x64.Build.0 = Release|Any CPU
		{D0D20BE4-3071-4B0F-B26E-8659D2CED951}.Release|x86.ActiveCfg = Release|Any CPU
		{D0D20BE4-3071-4B0F-B26E-8659D2CED951}.Release|x86.Build.0 = Release|Any CPU
		{A1B2C3D4-E5F6-47G8-H9I0-J1K2L3M4N5O6}.Debug|Any CPU.ActiveCfg = Debug|Any CPU
		{A1B2C3D4-E5F6-47G8-H9I0-J1K2L3M4N5O6}.Debug|Any CPU.Build.0 = Debug|Any CPU
		{A1B2C3D4-E5F6-47G8-H9I0-J1K2L3M4N5O6}.Release|Any CPU.ActiveCfg = Release|Any CPU
		{A1B2C3D4-E5F6-47G8-H9I0-J1K2L3M4N5O6}.Release|Any CPU.Build.0 = Release|Any CPU
		{B2C3D4E5-F6G7-48H9-I0J1-K2L3M4N5O6P7}.Debug|Any CPU.ActiveCfg = Debug|Any CPU
		{B2C3D4E5-F6G7-48H9-I0J1-K2L3M4N5O6P7}.Debug|Any CPU.Build.0 = Debug|Any CPU
		{B2C3D4E5-F6G7-48H9-I0J1-K2L3M4N5O6P7}.Release|Any CPU.ActiveCfg = Release|Any CPU
		{B2C3D4E5-F6G7-48H9-I0J1-K2L3M4N5O6P7}.Release|Any CPU.Build.0 = Release|Any CPU
		{C3D4E5F6-G7H8-49I0-J1K2-L3M4N5O6P7Q8}.Debug|Any CPU.ActiveCfg = Debug|Any CPU
		{C3D4E5F6-G7H8-49I0-J1K2-L3M4N5O6P7Q8}.Debug|Any CPU.Build.0 = Debug|Any CPU
		{C3D4E5F6-G7H8-49I0-J1K2-L3M4N5O6P7Q8}.Release|Any CPU.ActiveCfg = Release|Any CPU
		{C3D4E5F6-G7H8-49I0-J1K2-L3M4N5O6P7Q8}.Release|Any CPU.Build.0 = Release|Any CPU
		{D4E5F6G7-H8I9-40J0-K1L2-M3N4O5P6Q7R8}.Debug|Any CPU.ActiveCfg = Debug|Any CPU
		{D4E5F6G7-H8I9-40J0-K1L2-M3N4O5P6Q7R8}.Debug|Any CPU.Build.0 = Debug|Any CPU
		{D4E5F6G7-H8I9-40J0-K1L2-M3N4O5P6Q7R8}.Release|Any CPU.ActiveCfg = Release|Any CPU
		{D4E5F6G7-H8I9-40J0-K1L2-M3N4O5P6Q7R8}.Release|Any CPU.Build.0 = Release|Any CPU
		{E5F6G7H8-I9J0-41K0-L1M2-N3O4P5Q6R7S8}.Debug|Any CPU.ActiveCfg = Debug|Any CPU
		{E5F6G7H8-I9J0-41K0-L1M2-N3O4P5Q6R7S8}.Debug|Any CPU.Build.0 = Debug|Any CPU
		{E5F6G7H8-I9J0-41K0-L1M2-N3O4P5Q6R7S8}.Release|Any CPU.ActiveCfg = Release|Any CPU
		{E5F6G7H8-I9J0-41K0-L1M2-N3O4P5Q6R7S8}.Release|Any CPU.Build.0 = Release|Any CPU
		{F6G7H8I9-J0K1-42L0-M1N2-O3P4Q5R6S7T8}.Debug|Any CPU.ActiveCfg = Debug|Any CPU
		{F6G7H8I9-J0K1-42L0-M1N2-O3P4Q5R6S7T8}.Debug|Any CPU.Build.0 = Debug|Any CPU
		{F6G7H8I9-J0K1-42L0-M1N2-O3P4Q5R6S7T8}.Release|Any CPU.ActiveCfg = Release|Any CPU
		{F6G7H8I9-J0K1-42L0-M1N2-O3P4Q5R6S7T8}.Release|Any CPU.Build.0 = Release|Any CPU
		{G7H8I9J0-K1L2-43M0-N1O2-P3Q4R5S6T7U8}.Debug|Any CPU.ActiveCfg = Debug|Any CPU
		{G7H8I9J0-K1L2-43M0-N1O2-P3Q4R5S6T7U8}.Debug|Any CPU.Build.0 = Debug|Any CPU
		{G7H8I9J0-K1L2-43M0-N1O2-P3Q4R5S6T7U8}.Release|Any CPU.ActiveCfg = Release|Any CPU
		{G7H8I9J0-K1L2-43M0-N1O2-P3Q4R5S6T7U8}.Release|Any CPU.Build.0 = Release|Any CPU
		{H8I9J0K1-L2M3-44N0-O1P2-Q3R4S5T6U7V8}.Debug|Any CPU.ActiveCfg = Debug|Any CPU
		{H8I9J0K1-L2M3-44N0-O1P2-Q3R4S5T6U7V8}.Debug|Any CPU.Build.0 = Debug|Any CPU
		{H8I9J0K1-L2M3-44N0-O1P2-Q3R4S5T6U7V8}.Release|Any CPU.ActiveCfg = Release|Any CPU
		{H8I9J0K1-L2M3-44N0-O1P2-Q3R4S5T6U7V8}.Release|Any CPU.Build.0 = Release|Any CPU
	EndGlobalSection
	GlobalSection(SolutionProperties) = preSolution
		HideSolutionNode = FALSE
	EndGlobalSection
	GlobalSection(NestedProjects) = preSolution
		{F7C15D84-8670-46EC-B665-EE76771FBB7C} = {A288BEE0-695A-BEEA-455C-649571D89326}
		{DBB881B5-F513-F4FC-4847-BDD0656EA936} = {C7D065B3-56B5-4C14-AEBD-DEC07DD0BE23}
		{755D0D9A-1244-AE52-709B-907C71699952} = {C7D065B3-56B5-4C14-AEBD-DEC07DD0BE23}
		{8B94646C-CE19-41E7-8B55-8DCFC42C73AC} = {C52961D5-025C-473D-A871-FDD4C027847E}
		{11CAC024-C369-4990-BBF3-35C84A069B56} = {C52961D5-025C-473D-A871-FDD4C027847E}
		{B6F610B7-64C8-4F01-BBB7-63A109198AB5} = {972D98ED-6324-476F-8507-206F1B3DDAB8}
		{D0D20BE4-3071-4B0F-B26E-8659D2CED951} = {972D98ED-6324-476F-8507-206F1B3DDAB8}
		{A1B2C3D4-E5F6-47G8-H9I0-J1K2L3M4N5O6} = {C2D4E5F6-G7H8-49I0-J1K2-L3M4N5O6P7Q8}
		{B2C3D4E5-F6G7-48H9-I0J1-K2L3M4N5O6P7} = {C2D4E5F6-G7H8-49I0-J1K2-L3M4N5O6P7Q8}
		{C3D4E5F6-G7H8-49I0-J1K2-L3M4N5O6P7Q8} = {C3D4E5F6-G7H8-50I0-J1K2-L3M4N5O6P7Q8}
		{D4E5F6G7-H8I9-40J0-K1L2-M3N4O5P6Q7R8} = {C3D4E5F6-G7H8-50I0-J1K2-L3M4N5O6P7Q8}
		{E5F6G7H8-I9J0-41K0-L1M2-N3O4P5Q6R7S8} = {C44CE6F8-DB5E-41B7-AE72-E36BF5D78FC1}
		{F6G7H8I9-J0K1-42L0-M1N2-O3P4Q5R6S7T8} = {C44CE6F8-DB5E-41B7-AE72-E36BF5D78FC1}
		{G7H8I9J0-K1L2-43M0-N1O2-P3Q4R5S6T7U8} = {C4D4E5F6-G7H8-51I0-J1K2-L3M4N5O6P7Q8}
		{H8I9J0K1-L2M3-44N0-O1P2-Q3R4S5T6U7V8} = {C4D4E5F6-G7H8-51I0-J1K2-L3M4N5O6P7Q8}
		{C7D065B3-56B5-4C14-AEBD-DEC07DD0BE23} = {F7C15D84-8670-46EC-B665-EE76771FBB7C}
		{C52961D5-025C-473D-A871-FDD4C027847E} = {F7C15D84-8670-46EC-B665-EE76771FBB7C}
		{972D98ED-6324-476F-8507-206F1B3DDAB8} = {F7C15D84-8670-46EC-B665-EE76771FBB7C}
		{C44CE6F8-DB5E-41B7-AE72-E36BF5D78FC1} = {F7C15D84-8670-46EC-B665-EE76771FBB7C}
		{C2D4E5F6-G7H8-49I0-J1K2-L3M4N5O6P7Q8} = {F7C15D84-8670-46EC-B665-EE76771FBB7C}
		{C3D4E5F6-G7H8-50I0-J1K2-L3M4N5O6P7Q8} = {F7C15D84-8670-46EC-B665-EE76771FBB7C}
		{C4D4E5F6-G7H8-51I0-J1K2-L3M4N5O6P7Q8} = {F7C15D84-8670-46EC-B665-EE76771FBB7C}
	EndGlobalSection
	GlobalSection(ExtensibilityGlobals) = preSolution
		SolutionGuid = {404EF8D4-9ADC-4EBF-B520-A89CABF0B3C3}
	EndGlobalSection
EndGlobal
