
Microsoft Visual Studio Solution File, Format Version 12.00
# Visual Studio Version 17
VisualStudioVersion = 17.5.33530.505
MinimumVisualStudioVersion = 10.0.40219.1
Project("{9A19103F-16F7-4668-BE54-9A1E7A4F7556}") = "RingVideos", "RingVideos\RingVideos.csproj", "{629818B2-9DDC-4E2B-89A0-4B019590A0DF}"
EndProject
Project("{2150E333-8FDC-42A3-9474-1A3956D46DE8}") = "Solution Items", "Solution Items", "{61057E05-7E45-482E-95D1-7D1CA2726304}"
	ProjectSection(SolutionItems) = preProject
		.editorconfig = .editorconfig
		azure-pipelines.yml = azure-pipelines.yml
		License.md = License.md
		ReadMe.md = ReadMe.md
	EndProjectSection
EndProject
Project("{FAE04EC0-301F-11D3-BF4B-00C04F79EFBC}") = "RingVideos.Tests", "RingVideos.Tests\RingVideos.Tests.csproj", "{74ACA617-C3E4-4F02-8293-72217F9C0B66}"
EndProject
Project("{2150E333-8FDC-42A3-9474-1A3956D46DE8}") = "external", "external", "{A288BEE0-695A-BEEA-455C-649571D89326}"
EndProject
Project("{2150E333-8FDC-42A3-9474-1A3956D46DE8}") = "RingApi", "RingApi", "{F7C15D84-8670-46EC-B665-EE76771FBB7C}"
EndProject
Project("{FAE04EC0-301F-11D3-BF4B-00C04F79EFBC}") = "Api", "external\RingApi\Api\Api.csproj", "{C121659F-38A6-4443-924E-B39CDD8D0BFC}"
EndProject
Global
	GlobalSection(SolutionConfigurationPlatforms) = preSolution
		Debug|Any CPU = Debug|Any CPU
		Debug|x64 = Debug|x64
		Debug|x86 = Debug|x86
		Release|Any CPU = Release|Any CPU
		Release|x64 = Release|x64
		Release|x86 = Release|x86
	EndGlobalSection
	GlobalSection(ProjectConfigurationPlatforms) = postSolution
		{629818B2-9DDC-4E2B-89A0-4B019590A0DF}.Debug|Any CPU.ActiveCfg = Debug|Any CPU
		{629818B2-9DDC-4E2B-89A0-4B019590A0DF}.Debug|Any CPU.Build.0 = Debug|Any CPU
		{629818B2-9DDC-4E2B-89A0-4B019590A0DF}.Debug|x64.ActiveCfg = Debug|Any CPU
		{629818B2-9DDC-4E2B-89A0-4B019590A0DF}.Debug|x64.Build.0 = Debug|Any CPU
		{629818B2-9DDC-4E2B-89A0-4B019590A0DF}.Debug|x86.ActiveCfg = Debug|Any CPU
		{629818B2-9DDC-4E2B-89A0-4B019590A0DF}.Debug|x86.Build.0 = Debug|Any CPU
		{629818B2-9DDC-4E2B-89A0-4B019590A0DF}.Release|Any CPU.ActiveCfg = Release|Any CPU
		{629818B2-9DDC-4E2B-89A0-4B019590A0DF}.Release|Any CPU.Build.0 = Release|Any CPU
		{629818B2-9DDC-4E2B-89A0-4B019590A0DF}.Release|x64.ActiveCfg = Release|Any CPU
		{629818B2-9DDC-4E2B-89A0-4B019590A0DF}.Release|x64.Build.0 = Release|Any CPU
		{629818B2-9DDC-4E2B-89A0-4B019590A0DF}.Release|x86.ActiveCfg = Release|Any CPU
		{629818B2-9DDC-4E2B-89A0-4B019590A0DF}.Release|x86.Build.0 = Release|Any CPU
		{74ACA617-C3E4-4F02-8293-72217F9C0B66}.Debug|Any CPU.ActiveCfg = Debug|Any CPU
		{74ACA617-C3E4-4F02-8293-72217F9C0B66}.Debug|Any CPU.Build.0 = Debug|Any CPU
		{74ACA617-C3E4-4F02-8293-72217F9C0B66}.Debug|x64.ActiveCfg = Debug|Any CPU
		{74ACA617-C3E4-4F02-8293-72217F9C0B66}.Debug|x64.Build.0 = Debug|Any CPU
		{74ACA617-C3E4-4F02-8293-72217F9C0B66}.Debug|x86.ActiveCfg = Debug|Any CPU
		{74ACA617-C3E4-4F02-8293-72217F9C0B66}.Debug|x86.Build.0 = Debug|Any CPU
		{74ACA617-C3E4-4F02-8293-72217F9C0B66}.Release|Any CPU.ActiveCfg = Release|Any CPU
		{74ACA617-C3E4-4F02-8293-72217F9C0B66}.Release|Any CPU.Build.0 = Release|Any CPU
		{74ACA617-C3E4-4F02-8293-72217F9C0B66}.Release|x64.ActiveCfg = Release|Any CPU
		{74ACA617-C3E4-4F02-8293-72217F9C0B66}.Release|x64.Build.0 = Release|Any CPU
		{74ACA617-C3E4-4F02-8293-72217F9C0B66}.Release|x86.ActiveCfg = Release|Any CPU
		{74ACA617-C3E4-4F02-8293-72217F9C0B66}.Release|x86.Build.0 = Release|Any CPU
		{C121659F-38A6-4443-924E-B39CDD8D0BFC}.Debug|Any CPU.ActiveCfg = Debug|Any CPU
		{C121659F-38A6-4443-924E-B39CDD8D0BFC}.Debug|Any CPU.Build.0 = Debug|Any CPU
		{C121659F-38A6-4443-924E-B39CDD8D0BFC}.Debug|x64.ActiveCfg = Debug|Any CPU
		{C121659F-38A6-4443-924E-B39CDD8D0BFC}.Debug|x64.Build.0 = Debug|Any CPU
		{C121659F-38A6-4443-924E-B39CDD8D0BFC}.Debug|x86.ActiveCfg = Debug|Any CPU
		{C121659F-38A6-4443-924E-B39CDD8D0BFC}.Debug|x86.Build.0 = Debug|Any CPU
		{C121659F-38A6-4443-924E-B39CDD8D0BFC}.Release|Any CPU.ActiveCfg = Release|Any CPU
		{C121659F-38A6-4443-924E-B39CDD8D0BFC}.Release|Any CPU.Build.0 = Release|Any CPU
		{C121659F-38A6-4443-924E-B39CDD8D0BFC}.Release|x64.ActiveCfg = Release|Any CPU
		{C121659F-38A6-4443-924E-B39CDD8D0BFC}.Release|x64.Build.0 = Release|Any CPU
		{C121659F-38A6-4443-924E-B39CDD8D0BFC}.Release|x86.ActiveCfg = Release|Any CPU
		{C121659F-38A6-4443-924E-B39CDD8D0BFC}.Release|x86.Build.0 = Release|Any CPU
	EndGlobalSection
	GlobalSection(SolutionProperties) = preSolution
		HideSolutionNode = FALSE
	EndGlobalSection
	GlobalSection(NestedProjects) = preSolution
		{F7C15D84-8670-46EC-B665-EE76771FBB7C} = {A288BEE0-695A-BEEA-455C-649571D89326}
		{C121659F-38A6-4443-924E-B39CDD8D0BFC} = {F7C15D84-8670-46EC-B665-EE76771FBB7C}
	EndGlobalSection
	GlobalSection(ExtensibilityGlobals) = postSolution
		SolutionGuid = {404EF8D4-9ADC-4EBF-B520-A89CABF0B3C3}
	EndGlobalSection
EndGlobal
